
Microsoft Visual Studio Solution File, Format Version 12.00
# Visual Studio Version 17
VisualStudioVersion = 17.7.34003.232
MinimumVisualStudioVersion = 10.0.40219.1
Project("{FAE04EC0-301F-11D3-BF4B-00C04F79EFBC}") = "TugasPertemuan14", "TugasPertemuan14.csproj", "{7976859B-8C10-4343-93B6-696BD96DCC6F}"
EndProject
Global
	GlobalSection(SolutionConfigurationPlatforms) = preSolution
		Debug|Any CPU = Debug|Any CPU
		Release|Any CPU = Release|Any CPU
	EndGlobalSection
	GlobalSection(ProjectConfigurationPlatforms) = postSolution
		{7976859B-8C10-4343-93B6-696BD96DCC6F}.Debug|Any CPU.ActiveCfg = Debug|Any CPU
		{7976859B-8C10-4343-93B6-696BD96DCC6F}.Debug|Any CPU.Build.0 = Debug|Any CPU
		{7976859B-8C10-4343-93B6-696BD96DCC6F}.Release|Any CPU.ActiveCfg = Release|Any CPU
		{7976859B-8C10-4343-93B6-696BD96DCC6F}.Release|Any CPU.Build.0 = Release|Any CPU
	EndGlobalSection
	GlobalSection(SolutionProperties) = preSolution
		HideSolutionNode = FALSE
	EndGlobalSection
	GlobalSection(ExtensibilityGlobals) = postSolution
		SolutionGuid = {ABBA79A0-061C-42FA-B6E4-379A5D393E3D}
	EndGlobalSection
EndGlobal
